# This file is automatically @generated by Cargo.
# It is not intended for manual editing.
version = 3

[[package]]
name = "com_falconx_jets_api_mds_codec_sbe"
version = "0.1.0"
source = "git+ssh://git@github.com:22/falconxio/falconx-jets.git#aec38b4317a2505dde994b9cb7bf93fb72c13af0"

[[package]]
name = "sbe"
version = "0.1.0"
dependencies = [
 "com_falconx_jets_api_mds_codec_sbe",
]
